
Microsoft Visual Studio Solution File, Format Version 12.00
# Visual Studio Version 17
VisualStudioVersion = 17.4.33213.308
MinimumVisualStudioVersion = 10.0.40219.1
Project("{9A19103F-16F7-4668-BE54-9A1E7A4F7556}") = "WebApi", "WebApi\WebApi.csproj", "{8664EAE6-BDC1-4DD4-B35A-EAD4040BE75C}"
EndProject
Global
	GlobalSection(SolutionConfigurationPlatforms) = preSolution
		Debug|Any CPU = Debug|Any CPU
		Release|Any CPU = Release|Any CPU
	EndGlobalSection
	GlobalSection(ProjectConfigurationPlatforms) = postSolution
		{8664EAE6-BDC1-4DD4-B35A-EAD4040BE75C}.Debug|Any CPU.ActiveCfg = Debug|Any CPU
		{8664EAE6-BDC1-4DD4-B35A-EAD4040BE75C}.Debug|Any CPU.Build.0 = Debug|Any CPU
		{8664EAE6-BDC1-4DD4-B35A-EAD4040BE75C}.Release|Any CPU.ActiveCfg = Release|Any CPU
		{8664EAE6-BDC1-4DD4-B35A-EAD4040BE75C}.Release|Any CPU.Build.0 = Release|Any CPU
	EndGlobalSection
	GlobalSection(SolutionProperties) = preSolution
		HideSolutionNode = FALSE
	EndGlobalSection
	GlobalSection(ExtensibilityGlobals) = postSolution
		SolutionGuid = {7CCCA75E-2D5C-4C90-9AC1-03DA1D7E989C}
	EndGlobalSection
EndGlobal
